
Microsoft Visual Studio Solution File, Format Version 12.00
# Visual Studio Version 17
VisualStudioVersion = 17.9.34728.123
MinimumVisualStudioVersion = 10.0.40219.1
Project("{FAE04EC0-301F-11D3-BF4B-00C04F79EFBC}") = "FinalProject", "FinalProject.csproj", "{0766F6F7-97FB-4C24-BA5B-086F2C81E45A}"
EndProject
Global
	GlobalSection(SolutionConfigurationPlatforms) = preSolution
		Debug|Any CPU = Debug|Any CPU
		Release|Any CPU = Release|Any CPU
	EndGlobalSection
	GlobalSection(ProjectConfigurationPlatforms) = postSolution
		{0766F6F7-97FB-4C24-BA5B-086F2C81E45A}.Debug|Any CPU.ActiveCfg = Debug|Any CPU
		{0766F6F7-97FB-4C24-BA5B-086F2C81E45A}.Debug|Any CPU.Build.0 = Debug|Any CPU
		{0766F6F7-97FB-4C24-BA5B-086F2C81E45A}.Debug|Any CPU.Deploy.0 = Debug|Any CPU
		{0766F6F7-97FB-4C24-BA5B-086F2C81E45A}.Release|Any CPU.ActiveCfg = Release|Any CPU
		{0766F6F7-97FB-4C24-BA5B-086F2C81E45A}.Release|Any CPU.Build.0 = Release|Any CPU
		{0766F6F7-97FB-4C24-BA5B-086F2C81E45A}.Release|Any CPU.Deploy.0 = Release|Any CPU
	EndGlobalSection
	GlobalSection(SolutionProperties) = preSolution
		HideSolutionNode = FALSE
	EndGlobalSection
	GlobalSection(ExtensibilityGlobals) = postSolution
		SolutionGuid = {1812CF28-B06C-4344-837C-8D23E32D93AD}
	EndGlobalSection
EndGlobal
